
Microsoft Visual Studio Solution File, Format Version 12.00
# Visual Studio Version 16
VisualStudioVersion = 16.0.30907.101
MinimumVisualStudioVersion = 10.0.40219.1
Project("{F184B08F-C81C-45F6-A57F-5ABD9991F28F}") = "ConsoleOS1", "ConsoleOS1\ConsoleOS1.vbproj", "{A620FD61-DCDE-42F3-984D-E52503AB8515}"
EndProject
Global
	GlobalSection(SolutionConfigurationPlatforms) = preSolution
		Debug|Any CPU = Debug|Any CPU
		Release|Any CPU = Release|Any CPU
	EndGlobalSection
	GlobalSection(ProjectConfigurationPlatforms) = postSolution
		{A620FD61-DCDE-42F3-984D-E52503AB8515}.Debug|Any CPU.ActiveCfg = Debug|Any CPU
		{A620FD61-DCDE-42F3-984D-E52503AB8515}.Debug|Any CPU.Build.0 = Debug|Any CPU
		{A620FD61-DCDE-42F3-984D-E52503AB8515}.Release|Any CPU.ActiveCfg = Release|Any CPU
		{A620FD61-DCDE-42F3-984D-E52503AB8515}.Release|Any CPU.Build.0 = Release|Any CPU
	EndGlobalSection
	GlobalSection(SolutionProperties) = preSolution
		HideSolutionNode = FALSE
	EndGlobalSection
	GlobalSection(ExtensibilityGlobals) = postSolution
		SolutionGuid = {4453B735-3645-4B17-B2BA-038CF49EB801}
	EndGlobalSection
EndGlobal
